
Microsoft Visual Studio Solution File, Format Version 12.00
# Visual Studio 15
VisualStudioVersion = 15.0.28010.2019
MinimumVisualStudioVersion = 10.0.40219.1
Project("{FAE04EC0-301F-11D3-BF4B-00C04F79EFBC}") = "Client", "SocketDemo\Client.csproj", "{CE525F9B-9A6A-4370-B515-3EA3885D9513}"
EndProject
Project("{FAE04EC0-301F-11D3-BF4B-00C04F79EFBC}") = "Server", "Server\Server.csproj", "{982D8590-2180-4B1C-9DA5-999653030A2F}"
EndProject
Global
	GlobalSection(SolutionConfigurationPlatforms) = preSolution
		Debug|Any CPU = Debug|Any CPU
		Release|Any CPU = Release|Any CPU
	EndGlobalSection
	GlobalSection(ProjectConfigurationPlatforms) = postSolution
		{CE525F9B-9A6A-4370-B515-3EA3885D9513}.Debug|Any CPU.ActiveCfg = Debug|Any CPU
		{CE525F9B-9A6A-4370-B515-3EA3885D9513}.Debug|Any CPU.Build.0 = Debug|Any CPU
		{CE525F9B-9A6A-4370-B515-3EA3885D9513}.Release|Any CPU.ActiveCfg = Release|Any CPU
		{CE525F9B-9A6A-4370-B515-3EA3885D9513}.Release|Any CPU.Build.0 = Release|Any CPU
		{982D8590-2180-4B1C-9DA5-999653030A2F}.Debug|Any CPU.ActiveCfg = Debug|Any CPU
		{982D8590-2180-4B1C-9DA5-999653030A2F}.Debug|Any CPU.Build.0 = Debug|Any CPU
		{982D8590-2180-4B1C-9DA5-999653030A2F}.Release|Any CPU.ActiveCfg = Release|Any CPU
		{982D8590-2180-4B1C-9DA5-999653030A2F}.Release|Any CPU.Build.0 = Release|Any CPU
	EndGlobalSection
	GlobalSection(SolutionProperties) = preSolution
		HideSolutionNode = FALSE
	EndGlobalSection
	GlobalSection(ExtensibilityGlobals) = postSolution
		SolutionGuid = {6E8844FD-F718-408E-A603-7E09A9175FE5}
	EndGlobalSection
EndGlobal
